// !$*UTF8*$!
{
	archiveVersion = 1;
	classes = {
	};
	objectVersion = 48;
	objects = {

/* Begin PBXBuildFile section */
		7D215A4E1FB7E81500C74FDC /* AppDelegate.swift in Sources */ = {isa = PBXBuildFile; fileRef = 7D215A4D1FB7E81500C74FDC /* AppDelegate.swift */; };
		7D215A501FB7E81500C74FDC /* ViewController.swift in Sources */ = {isa = PBXBuildFile; fileRef = 7D215A4F1FB7E81500C74FDC /* ViewController.swift */; };
		7D215A531FB7E81500C74FDC /* Main.storyboard in Resources */ = {isa = PBXBuildFile; fileRef = 7D215A511FB7E81500C74FDC /* Main.storyboard */; };
		7D215A551FB7E81500C74FDC /* Assets.xcassets in Resources */ = {isa = PBXBuildFile; fileRef = 7D215A541FB7E81500C74FDC /* Assets.xcassets */; };
		7D215A581FB7E81500C74FDC /* LaunchScreen.storyboard in Resources */ = {isa = PBXBuildFile; fileRef = 7D215A561FB7E81500C74FDC /* LaunchScreen.storyboard */; };
		7D215A631FB7E81500C74FDC /* BlueHackTests.swift in Sources */ = {isa = PBXBuildFile; fileRef = 7D215A621FB7E81500C74FDC /* BlueHackTests.swift */; };
		7D215A6E1FB7E81500C74FDC /* BlueHackUITests.swift in Sources */ = {isa = PBXBuildFile; fileRef = 7D215A6D1FB7E81500C74FDC /* BlueHackUITests.swift */; };
/* End PBXBuildFile section */

/* Begin PBXContainerItemProxy section */
		7D215A5F1FB7E81500C74FDC /* PBXContainerItemProxy */ = {
			isa = PBXContainerItemProxy;
			containerPortal = 7D215A421FB7E81500C74FDC /* Project object */;
			proxyType = 1;
			remoteGlobalIDString = 7D215A491FB7E81500C74FDC;
			remoteInfo = BlueHack;
		};
		7D215A6A1FB7E81500C74FDC /* PBXContainerItemProxy */ = {
			isa = PBXContainerItemProxy;
			containerPortal = 7D215A421FB7E81500C74FDC /* Project object */;
			proxyType = 1;
			remoteGlobalIDString = 7D215A491FB7E81500C74FDC;
			remoteInfo = BlueHack;
		};
/* End PBXContainerItemProxy section */

/* Begin PBXFileReference section */
		7D215A4A1FB7E81500C74FDC /* BlueHack.app */ = {isa = PBXFileReference; explicitFileType = wrapper.application; includeInIndex = 0; path = BlueHack.app; sourceTree = BUILT_PRODUCTS_DIR; };
		7D215A4D1FB7E81500C74FDC /* AppDelegate.swift */ = {isa = PBXFileReference; lastKnownFileType = sourcecode.swift; path = AppDelegate.swift; sourceTree = "<group>"; };
		7D215A4F1FB7E81500C74FDC /* ViewController.swift */ = {isa = PBXFileReference; lastKnownFileType = sourcecode.swift; path = ViewController.swift; sourceTree = "<group>"; };
		7D215A521FB7E81500C74FDC /* Base */ = {isa = PBXFileReference; lastKnownFileType = file.storyboard; name = Base; path = Base.lproj/Main.storyboard; sourceTree = "<group>"; };
		7D215A541FB7E81500C74FDC /* Assets.xcassets */ = {isa = PBXFileReference; lastKnownFileType = folder.assetcatalog; path = Assets.xcassets; sourceTree = "<group>"; };
		7D215A571FB7E81500C74FDC /* Base */ = {isa = PBXFileReference; lastKnownFileType = file.storyboard; name = Base; path = Base.lproj/LaunchScreen.storyboard; sourceTree = "<group>"; };
		7D215A591FB7E81500C74FDC /* Info.plist */ = {isa = PBXFileReference; lastKnownFileType = text.plist.xml; path = Info.plist; sourceTree = "<group>"; };
		7D215A5E1FB7E81500C74FDC /* BlueHackTests.xctest */ = {isa = PBXFileReference; explicitFileType = wrapper.cfbundle; includeInIndex = 0; path = BlueHackTests.xctest; sourceTree = BUILT_PRODUCTS_DIR; };
		7D215A621FB7E81500C74FDC /* BlueHackTests.swift */ = {isa = PBXFileReference; lastKnownFileType = sourcecode.swift; path = BlueHackTests.swift; sourceTree = "<group>"; };
		7D215A641FB7E81500C74FDC /* Info.plist */ = {isa = PBXFileReference; lastKnownFileType = text.plist.xml; path = Info.plist; sourceTree = "<group>"; };
		7D215A691FB7E81500C74FDC /* BlueHackUITests.xctest */ = {isa = PBXFileReference; explicitFileType = wrapper.cfbundle; includeInIndex = 0; path = BlueHackUITests.xctest; sourceTree = BUILT_PRODUCTS_DIR; };
		7D215A6D1FB7E81500C74FDC /* BlueHackUITests.swift */ = {isa = PBXFileReference; lastKnownFileType = sourcecode.swift; path = BlueHackUITests.swift; sourceTree = "<group>"; };
		7D215A6F1FB7E81500C74FDC /* Info.plist */ = {isa = PBXFileReference; lastKnownFileType = text.plist.xml; path = Info.plist; sourceTree = "<group>"; };
/* End PBXFileReference section */

/* Begin PBXFrameworksBuildPhase section */
		7D215A471FB7E81500C74FDC /* Frameworks */ = {
			isa = PBXFrameworksBuildPhase;
			buildActionMask = 2147483647;
			files = (
			);
			runOnlyForDeploymentPostprocessing = 0;
		};
		7D215A5B1FB7E81500C74FDC /* Frameworks */ = {
			isa = PBXFrameworksBuildPhase;
			buildActionMask = 2147483647;
			files = (
			);
			runOnlyForDeploymentPostprocessing = 0;
		};
		7D215A661FB7E81500C74FDC /* Frameworks */ = {
			isa = PBXFrameworksBuildPhase;
			buildActionMask = 2147483647;
			files = (
			);
			runOnlyForDeploymentPostprocessing = 0;
		};
/* End PBXFrameworksBuildPhase section */

/* Begin PBXGroup section */
		7D215A411FB7E81500C74FDC = {
			isa = PBXGroup;
			children = (
				7D215A4C1FB7E81500C74FDC /* BlueHack */,
				7D215A611FB7E81500C74FDC /* BlueHackTests */,
				7D215A6C1FB7E81500C74FDC /* BlueHackUITests */,
				7D215A4B1FB7E81500C74FDC /* Products */,
			);
			sourceTree = "<group>";
		};
		7D215A4B1FB7E81500C74FDC /* Products */ = {
			isa = PBXGroup;
			children = (
				7D215A4A1FB7E81500C74FDC /* BlueHack.app */,
				7D215A5E1FB7E81500C74FDC /* BlueHackTests.xctest */,
				7D215A691FB7E81500C74FDC /* BlueHackUITests.xctest */,
			);
			name = Products;
			sourceTree = "<group>";
		};
		7D215A4C1FB7E81500C74FDC /* BlueHack */ = {
			isa = PBXGroup;
			children = (
				7D215A4D1FB7E81500C74FDC /* AppDelegate.swift */,
				7D215A4F1FB7E81500C74FDC /* ViewController.swift */,
				7D215A511FB7E81500C74FDC /* Main.storyboard */,
				7D215A541FB7E81500C74FDC /* Assets.xcassets */,
				7D215A561FB7E81500C74FDC /* LaunchScreen.storyboard */,
				7D215A591FB7E81500C74FDC /* Info.plist */,
			);
			path = BlueHack;
			sourceTree = "<group>";
		};
		7D215A611FB7E81500C74FDC /* BlueHackTests */ = {
			isa = PBXGroup;
			children = (
				7D215A621FB7E81500C74FDC /* BlueHackTests.swift */,
				7D215A641FB7E81500C74FDC /* Info.plist */,
			);
			path = BlueHackTests;
			sourceTree = "<group>";
		};
		7D215A6C1FB7E81500C74FDC /* BlueHackUITests */ = {
			isa = PBXGroup;
			children = (
				7D215A6D1FB7E81500C74FDC /* BlueHackUITests.swift */,
				7D215A6F1FB7E81500C74FDC /* Info.plist */,
			);
			path = BlueHackUITests;
			sourceTree = "<group>";
		};
/* End PBXGroup section */

/* Begin PBXNativeTarget section */
		7D215A491FB7E81500C74FDC /* BlueHack */ = {
			isa = PBXNativeTarget;
			buildConfigurationList = 7D215A721FB7E81500C74FDC /* Build configuration list for PBXNativeTarget "BlueHack" */;
			buildPhases = (
				7D215A461FB7E81500C74FDC /* Sources */,
				7D215A471FB7E81500C74FDC /* Frameworks */,
				7D215A481FB7E81500C74FDC /* Resources */,
			);
			buildRules = (
			);
			dependencies = (
			);
			name = BlueHack;
			productName = BlueHack;
			productReference = 7D215A4A1FB7E81500C74FDC /* BlueHack.app */;
			productType = "com.apple.product-type.application";
		};
		7D215A5D1FB7E81500C74FDC /* BlueHackTests */ = {
			isa = PBXNativeTarget;
			buildConfigurationList = 7D215A751FB7E81500C74FDC /* Build configuration list for PBXNativeTarget "BlueHackTests" */;
			buildPhases = (
				7D215A5A1FB7E81500C74FDC /* Sources */,
				7D215A5B1FB7E81500C74FDC /* Frameworks */,
				7D215A5C1FB7E81500C74FDC /* Resources */,
			);
			buildRules = (
			);
			dependencies = (
				7D215A601FB7E81500C74FDC /* PBXTargetDependency */,
			);
			name = BlueHackTests;
			productName = BlueHackTests;
			productReference = 7D215A5E1FB7E81500C74FDC /* BlueHackTests.xctest */;
			productType = "com.apple.product-type.bundle.unit-test";
		};
		7D215A681FB7E81500C74FDC /* BlueHackUITests */ = {
			isa = PBXNativeTarget;
			buildConfigurationList = 7D215A781FB7E81500C74FDC /* Build configuration list for PBXNativeTarget "BlueHackUITests" */;
			buildPhases = (
				7D215A651FB7E81500C74FDC /* Sources */,
				7D215A661FB7E81500C74FDC /* Frameworks */,
				7D215A671FB7E81500C74FDC /* Resources */,
			);
			buildRules = (
			);
			dependencies = (
				7D215A6B1FB7E81500C74FDC /* PBXTargetDependency */,
			);
			name = BlueHackUITests;
			productName = BlueHackUITests;
			productReference = 7D215A691FB7E81500C74FDC /* BlueHackUITests.xctest */;
			productType = "com.apple.product-type.bundle.ui-testing";
		};
/* End PBXNativeTarget section */

/* Begin PBXProject section */
		7D215A421FB7E81500C74FDC /* Project object */ = {
			isa = PBXProject;
			attributes = {
				LastSwiftUpdateCheck = 0910;
				LastUpgradeCheck = 0910;
				ORGANIZATIONNAME = DNA;
				TargetAttributes = {
					7D215A491FB7E81500C74FDC = {
						CreatedOnToolsVersion = 9.1;
						ProvisioningStyle = Automatic;
					};
					7D215A5D1FB7E81500C74FDC = {
						CreatedOnToolsVersion = 9.1;
						ProvisioningStyle = Automatic;
						TestTargetID = 7D215A491FB7E81500C74FDC;
					};
					7D215A681FB7E81500C74FDC = {
						CreatedOnToolsVersion = 9.1;
						ProvisioningStyle = Automatic;
						TestTargetID = 7D215A491FB7E81500C74FDC;
					};
				};
			};
			buildConfigurationList = 7D215A451FB7E81500C74FDC /* Build configuration list for PBXProject "BlueHack" */;
			compatibilityVersion = "Xcode 8.0";
			developmentRegion = en;
			hasScannedForEncodings = 0;
			knownRegions = (
				en,
				Base,
			);
			mainGroup = 7D215A411FB7E81500C74FDC;
			productRefGroup = 7D215A4B1FB7E81500C74FDC /* Products */;
			projectDirPath = "";
			projectRoot = "";
			targets = (
				7D215A491FB7E81500C74FDC /* BlueHack */,
				7D215A5D1FB7E81500C74FDC /* BlueHackTests */,
				7D215A681FB7E81500C74FDC /* BlueHackUITests */,
			);
		};
/* End PBXProject section */

/* Begin PBXResourcesBuildPhase section */
		7D215A481FB7E81500C74FDC /* Resources */ = {
			isa = PBXResourcesBuildPhase;
			buildActionMask = 2147483647;
			files = (
				7D215A581FB7E81500C74FDC /* LaunchScreen.storyboard in Resources */,
				7D215A551FB7E81500C74FDC /* Assets.xcassets in Resources */,
				7D215A531FB7E81500C74FDC /* Main.storyboard in Resources */,
			);
			runOnlyForDeploymentPostprocessing = 0;
		};
		7D215A5C1FB7E81500C74FDC /* Resources */ = {
			isa = PBXResourcesBuildPhase;
			buildActionMask = 2147483647;
			files = (
			);
			runOnlyForDeploymentPostprocessing = 0;
		};
		7D215A671FB7E81500C74FDC /* Resources */ = {
			isa = PBXResourcesBuildPhase;
			buildActionMask = 2147483647;
			files = (
			);
			runOnlyForDeploymentPostprocessing = 0;
		};
/* End PBXResourcesBuildPhase section */

/* Begin PBXSourcesBuildPhase section */
		7D215A461FB7E81500C74FDC /* Sources */ = {
			isa = PBXSourcesBuildPhase;
			buildActionMask = 2147483647;
			files = (
				7D215A501FB7E81500C74FDC /* ViewController.swift in Sources */,
				7D215A4E1FB7E81500C74FDC /* AppDelegate.swift in Sources */,
			);
			runOnlyForDeploymentPostprocessing = 0;
		};
		7D215A5A1FB7E81500C74FDC /* Sources */ = {
			isa = PBXSourcesBuildPhase;
			buildActionMask = 2147483647;
			files = (
				7D215A631FB7E81500C74FDC /* BlueHackTests.swift in Sources */,
			);
			runOnlyForDeploymentPostprocessing = 0;
		};
		7D215A651FB7E81500C74FDC /* Sources */ = {
			isa = PBXSourcesBuildPhase;
			buildActionMask = 2147483647;
			files = (
				7D215A6E1FB7E81500C74FDC /* BlueHackUITests.swift in Sources */,
			);
			runOnlyForDeploymentPostprocessing = 0;
		};
/* End PBXSourcesBuildPhase section */

/* Begin PBXTargetDependency section */
		7D215A601FB7E81500C74FDC /* PBXTargetDependency */ = {
			isa = PBXTargetDependency;
			target = 7D215A491FB7E81500C74FDC /* BlueHack */;
			targetProxy = 7D215A5F1FB7E81500C74FDC /* PBXContainerItemProxy */;
		};
		7D215A6B1FB7E81500C74FDC /* PBXTargetDependency */ = {
			isa = PBXTargetDependency;
			target = 7D215A491FB7E81500C74FDC /* BlueHack */;
			targetProxy = 7D215A6A1FB7E81500C74FDC /* PBXContainerItemProxy */;
		};
/* End PBXTargetDependency section */

/* Begin PBXVariantGroup section */
		7D215A511FB7E81500C74FDC /* Main.storyboard */ = {
			isa = PBXVariantGroup;
			children = (
				7D215A521FB7E81500C74FDC /* Base */,
			);
			name = Main.storyboard;
			sourceTree = "<group>";
		};
		7D215A561FB7E81500C74FDC /* LaunchScreen.storyboard */ = {
			isa = PBXVariantGroup;
			children = (
				7D215A571FB7E81500C74FDC /* Base */,
			);
			name = LaunchScreen.storyboard;
			sourceTree = "<group>";
		};
/* End PBXVariantGroup section */

/* Begin XCBuildConfiguration section */
		7D215A701FB7E81500C74FDC /* Debug */ = {
			isa = XCBuildConfiguration;
			buildSettings = {
				ALWAYS_SEARCH_USER_PATHS = NO;
				CLANG_ANALYZER_NONNULL = YES;
				CLANG_ANALYZER_NUMBER_OBJECT_CONVERSION = YES_AGGRESSIVE;
				CLANG_CXX_LANGUAGE_STANDARD = "gnu++14";
				CLANG_CXX_LIBRARY = "libc++";
				CLANG_ENABLE_MODULES = YES;
				CLANG_ENABLE_OBJC_ARC = YES;
				CLANG_WARN_BLOCK_CAPTURE_AUTORELEASING = YES;
				CLANG_WARN_BOOL_CONVERSION = YES;
				CLANG_WARN_COMMA = YES;
				CLANG_WARN_CONSTANT_CONVERSION = YES;
				CLANG_WARN_DIRECT_OBJC_ISA_USAGE = YES_ERROR;
				CLANG_WARN_DOCUMENTATION_COMMENTS = YES;
				CLANG_WARN_EMPTY_BODY = YES;
				CLANG_WARN_ENUM_CONVERSION = YES;
				CLANG_WARN_INFINITE_RECURSION = YES;
				CLANG_WARN_INT_CONVERSION = YES;
				CLANG_WARN_NON_LITERAL_NULL_CONVERSION = YES;
				CLANG_WARN_OBJC_LITERAL_CONVERSION = YES;
				CLANG_WARN_OBJC_ROOT_CLASS = YES_ERROR;
				CLANG_WARN_RANGE_LOOP_ANALYSIS = YES;
				CLANG_WARN_STRICT_PROTOTYPES = YES;
				CLANG_WARN_SUSPICIOUS_MOVE = YES;
				CLANG_WARN_UNGUARDED_AVAILABILITY = YES_AGGRESSIVE;
				CLANG_WARN_UNREACHABLE_CODE = YES;
				CLANG_WARN__DUPLICATE_METHOD_MATCH = YES;
				CODE_SIGN_IDENTITY = "iPhone Developer";
				COPY_PHASE_STRIP = NO;
				DEBUG_INFORMATION_FORMAT = dwarf;
				ENABLE_STRICT_OBJC_MSGSEND = YES;
				ENABLE_TESTABILITY = YES;
				GCC_C_LANGUAGE_STANDARD = gnu11;
				GCC_DYNAMIC_NO_PIC = NO;
				GCC_NO_COMMON_BLOCKS = YES;
				GCC_OPTIMIZATION_LEVEL = 0;
				GCC_PREPROCESSOR_DEFINITIONS = (
					"DEBUG=1",
					"$(inherited)",
				);
				GCC_WARN_64_TO_32_BIT_CONVERSION = YES;
				GCC_WARN_ABOUT_RETURN_TYPE = YES_ERROR;
				GCC_WARN_UNDECLARED_SELECTOR = YES;
				GCC_WARN_UNINITIALIZED_AUTOS = YES_AGGRESSIVE;
				GCC_WARN_UNUSED_FUNCTION = YES;
				GCC_WARN_UNUSED_VARIABLE = YES;
				IPHONEOS_DEPLOYMENT_TARGET = 11.1;
				MTL_ENABLE_DEBUG_INFO = YES;
				ONLY_ACTIVE_ARCH = YES;
				SDKROOT = iphoneos;
				SWIFT_ACTIVE_COMPILATION_CONDITIONS = DEBUG;
				SWIFT_OPTIMIZATION_LEVEL = "-Onone";
			};
			name = Debug;
		};
		7D215A711FB7E81500C74FDC /* Release */ = {
			isa = XCBuildConfiguration;
			buildSettings = {
				ALWAYS_SEARCH_USER_PATHS = NO;
				CLANG_ANALYZER_NONNULL = YES;
				CLANG_ANALYZER_NUMBER_OBJECT_CONVERSION = YES_AGGRESSIVE;
				CLANG_CXX_LANGUAGE_STANDARD = "gnu++14";
				CLANG_CXX_LIBRARY = "libc++";
				CLANG_ENABLE_MODULES = YES;
				CLANG_ENABLE_OBJC_ARC = YES;
				CLANG_WARN_BLOCK_CAPTURE_AUTORELEASING = YES;
				CLANG_WARN_BOOL_CONVERSION = YES;
				CLANG_WARN_COMMA = YES;
				CLANG_WARN_CONSTANT_CONVERSION = YES;
				CLANG_WARN_DIRECT_OBJC_ISA_USAGE = YES_ERROR;
				CLANG_WARN_DOCUMENTATION_COMMENTS = YES;
				CLANG_WARN_EMPTY_BODY = YES;
				CLANG_WARN_ENUM_CONVERSION = YES;
				CLANG_WARN_INFINITE_RECURSION = YES;
				CLANG_WARN_INT_CONVERSION = YES;
				CLANG_WARN_NON_LITERAL_NULL_CONVERSION = YES;
				CLANG_WARN_OBJC_LITERAL_CONVERSION = YES;
				CLANG_WARN_OBJC_ROOT_CLASS = YES_ERROR;
				CLANG_WARN_RANGE_LOOP_ANALYSIS = YES;
				CLANG_WARN_STRICT_PROTOTYPES = YES;
				CLANG_WARN_SUSPICIOUS_MOVE = YES;
				CLANG_WARN_UNGUARDED_AVAILABILITY = YES_AGGRESSIVE;
				CLANG_WARN_UNREACHABLE_CODE = YES;
				CLANG_WARN__DUPLICATE_METHOD_MATCH = YES;
				CODE_SIGN_IDENTITY = "iPhone Developer";
				COPY_PHASE_STRIP = NO;
				DEBUG_INFORMATION_FORMAT = "dwarf-with-dsym";
				ENABLE_NS_ASSERTIONS = NO;
				ENABLE_STRICT_OBJC_MSGSEND = YES;
				GCC_C_LANGUAGE_STANDARD = gnu11;
				GCC_NO_COMMON_BLOCKS = YES;
				GCC_WARN_64_TO_32_BIT_CONVERSION = YES;
				GCC_WARN_ABOUT_RETURN_TYPE = YES_ERROR;
				GCC_WARN_UNDECLARED_SELECTOR = YES;
				GCC_WARN_UNINITIALIZED_AUTOS = YES_AGGRESSIVE;
				GCC_WARN_UNUSED_FUNCTION = YES;
				GCC_WARN_UNUSED_VARIABLE = YES;
				IPHONEOS_DEPLOYMENT_TARGET = 11.1;
				MTL_ENABLE_DEBUG_INFO = NO;
				SDKROOT = iphoneos;
				SWIFT_OPTIMIZATION_LEVEL = "-Owholemodule";
				VALIDATE_PRODUCT = YES;
			};
			name = Release;
		};
		7D215A731FB7E81500C74FDC /* Debug */ = {
			isa = XCBuildConfiguration;
			buildSettings = {
				ASSETCATALOG_COMPILER_APPICON_NAME = AppIcon;
				CODE_SIGN_STYLE = Automatic;
				DEVELOPMENT_TEAM = H3GJYS7PP7;
				INFOPLIST_FILE = BlueHack/Info.plist;
				LD_RUNPATH_SEARCH_PATHS = "$(inherited) @executable_path/Frameworks";
				PRODUCT_BUNDLE_IDENTIFIER = com.GUIMARKS.BlueHack;
				PRODUCT_NAME = "$(TARGET_NAME)";
				SWIFT_VERSION = 4.0;
				TARGETED_DEVICE_FAMILY = "1,2";
			};
			name = Debug;
		};
		7D215A741FB7E81500C74FDC /* Release */ = {
			isa = XCBuildConfiguration;
			buildSettings = {
				ASSETCATALOG_COMPILER_APPICON_NAME = AppIcon;
				CODE_SIGN_STYLE = Automatic;
				DEVELOPMENT_TEAM = H3GJYS7PP7;
				INFOPLIST_FILE = BlueHack/Info.plist;
				LD_RUNPATH_SEARCH_PATHS = "$(inherited) @executable_path/Frameworks";
				PRODUCT_BUNDLE_IDENTIFIER = com.GUIMARKS.BlueHack;
				PRODUCT_NAME = "$(TARGET_NAME)";
				SWIFT_VERSION = 4.0;
				TARGETED_DEVICE_FAMILY = "1,2";
			};
			name = Release;
		};
		7D215A761FB7E81500C74FDC /* Debug */ = {
			isa = XCBuildConfiguration;
			buildSettings = {
				ALWAYS_EMBED_SWIFT_STANDARD_LIBRARIES = YES;
				BUNDLE_LOADER = "$(TEST_HOST)";
				CODE_SIGN_STYLE = Automatic;
				DEVELOPMENT_TEAM = H3GJYS7PP7;
				INFOPLIST_FILE = BlueHackTests/Info.plist;
				LD_RUNPATH_SEARCH_PATHS = "$(inherited) @executable_path/Frameworks @loader_path/Frameworks";
				PRODUCT_BUNDLE_IDENTIFIER = com.GUIMARKS.BlueHackTests;
				PRODUCT_NAME = "$(TARGET_NAME)";
				SWIFT_VERSION = 4.0;
				TARGETED_DEVICE_FAMILY = "1,2";
				TEST_HOST = "$(BUILT_PRODUCTS_DIR)/BlueHack.app/BlueHack";
			};
			name = Debug;
		};
		7D215A771FB7E81500C74FDC /* Release */ = {
			isa = XCBuildConfiguration;
			buildSettings = {
				ALWAYS_EMBED_SWIFT_STANDARD_LIBRARIES = YES;
				BUNDLE_LOADER = "$(TEST_HOST)";
				CODE_SIGN_STYLE = Automatic;
				DEVELOPMENT_TEAM = H3GJYS7PP7;
				INFOPLIST_FILE = BlueHackTests/Info.plist;
				LD_RUNPATH_SEARCH_PATHS = "$(inherited) @executable_path/Frameworks @loader_path/Frameworks";
				PRODUCT_BUNDLE_IDENTIFIER = com.GUIMARKS.BlueHackTests;
				PRODUCT_NAME = "$(TARGET_NAME)";
				SWIFT_VERSION = 4.0;
				TARGETED_DEVICE_FAMILY = "1,2";
				TEST_HOST = "$(BUILT_PRODUCTS_DIR)/BlueHack.app/BlueHack";
			};
			name = Release;
		};
		7D215A791FB7E81500C74FDC /* Debug */ = {
			isa = XCBuildConfiguration;
			buildSettings = {
				ALWAYS_EMBED_SWIFT_STANDARD_LIBRARIES = YES;
				CODE_SIGN_STYLE = Automatic;
				DEVELOPMENT_TEAM = H3GJYS7PP7;
				INFOPLIST_FILE = BlueHackUITests/Info.plist;
				LD_RUNPATH_SEARCH_PATHS = "$(inherited) @executable_path/Frameworks @loader_path/Frameworks";
				PRODUCT_BUNDLE_IDENTIFIER = com.GUIMARKS.BlueHackUITests;
				PRODUCT_NAME = "$(TARGET_NAME)";
				SWIFT_VERSION = 4.0;
				TARGETED_DEVICE_FAMILY = "1,2";
				TEST_TARGET_NAME = BlueHack;
			};
			name = Debug;
		};
		7D215A7A1FB7E81500C74FDC /* Release */ = {
			isa = XCBuildConfiguration;
			buildSettings = {
				ALWAYS_EMBED_SWIFT_STANDARD_LIBRARIES = YES;
				CODE_SIGN_STYLE = Automatic;
				DEVELOPMENT_TEAM = H3GJYS7PP7;
				INFOPLIST_FILE = BlueHackUITests/Info.plist;
				LD_RUNPATH_SEARCH_PATHS = "$(inherited) @executable_path/Frameworks @loader_path/Frameworks";
				PRODUCT_BUNDLE_IDENTIFIER = com.GUIMARKS.BlueHackUITests;
				PRODUCT_NAME = "$(TARGET_NAME)";
				SWIFT_VERSION = 4.0;
				TARGETED_DEVICE_FAMILY = "1,2";
				TEST_TARGET_NAME = BlueHack;
			};
			name = Release;
		};
/* End XCBuildConfiguration section */

/* Begin XCConfigurationList section */
		7D215A451FB7E81500C74FDC /* Build configuration list for PBXProject "BlueHack" */ = {
			isa = XCConfigurationList;
			buildConfigurations = (
				7D215A701FB7E81500C74FDC /* Debug */,
				7D215A711FB7E81500C74FDC /* Release */,
			);
			defaultConfigurationIsVisible = 0;
			defaultConfigurationName = Release;
		};
		7D215A721FB7E81500C74FDC /* Build configuration list for PBXNativeTarget "BlueHack" */ = {
			isa = XCConfigurationList;
			buildConfigurations = (
				7D215A731FB7E81500C74FDC /* Debug */,
				7D215A741FB7E81500C74FDC /* Release */,
			);
			defaultConfigurationIsVisible = 0;
			defaultConfigurationName = Release;
		};
		7D215A751FB7E81500C74FDC /* Build configuration list for PBXNativeTarget "BlueHackTests" */ = {
			isa = XCConfigurationList;
			buildConfigurations = (
				7D215A761FB7E81500C74FDC /* Debug */,
				7D215A771FB7E81500C74FDC /* Release */,
			);
			defaultConfigurationIsVisible = 0;
			defaultConfigurationName = Release;
		};
		7D215A781FB7E81500C74FDC /* Build configuration list for PBXNativeTarget "BlueHackUITests" */ = {
			isa = XCConfigurationList;
			buildConfigurations = (
				7D215A791FB7E81500C74FDC /* Debug */,
				7D215A7A1FB7E81500C74FDC /* Release */,
			);
			defaultConfigurationIsVisible = 0;
			defaultConfigurationName = Release;
		};
/* End XCConfigurationList section */
	};
	rootObject = 7D215A421FB7E81500C74FDC /* Project object */;
}
